// !$*UTF8*$!
{
	archiveVersion = 1;
	classes = {
	};
	objectVersion = 50;
	objects = {

/* Begin PBXBuildFile section */
		6F9A1E712076175A00DD210B /* AppDelegate.swift in Sources */ = {isa = PBXBuildFile; fileRef = 6F9A1E702076175A00DD210B /* AppDelegate.swift */; };
		6F9A1E732076175A00DD210B /* ViewController.swift in Sources */ = {isa = PBXBuildFile; fileRef = 6F9A1E722076175A00DD210B /* ViewController.swift */; };
		6F9A1E762076175A00DD210B /* Main.storyboard in Resources */ = {isa = PBXBuildFile; fileRef = 6F9A1E742076175A00DD210B /* Main.storyboard */; };
		6F9A1E782076175A00DD210B /* Assets.xcassets in Resources */ = {isa = PBXBuildFile; fileRef = 6F9A1E772076175A00DD210B /* Assets.xcassets */; };
		6F9A1E7B2076175A00DD210B /* LaunchScreen.storyboard in Resources */ = {isa = PBXBuildFile; fileRef = 6F9A1E792076175A00DD210B /* LaunchScreen.storyboard */; };
		6F9A1E852076180600DD210B /* UIView + Extension.swift in Sources */ = {isa = PBXBuildFile; fileRef = 6F9A1E842076180600DD210B /* UIView + Extension.swift */; };
/* End PBXBuildFile section */

/* Begin PBXFileReference section */
		6F9A1E6D2076175A00DD210B /* AddShoppingCartTransitionAnimation.app */ = {isa = PBXFileReference; explicitFileType = wrapper.application; includeInIndex = 0; path = AddShoppingCartTransitionAnimation.app; sourceTree = BUILT_PRODUCTS_DIR; };
		6F9A1E702076175A00DD210B /* AppDelegate.swift */ = {isa = PBXFileReference; lastKnownFileType = sourcecode.swift; path = AppDelegate.swift; sourceTree = "<group>"; };
		6F9A1E722076175A00DD210B /* ViewController.swift */ = {isa = PBXFileReference; lastKnownFileType = sourcecode.swift; path = ViewController.swift; sourceTree = "<group>"; };
		6F9A1E752076175A00DD210B /* Base */ = {isa = PBXFileReference; lastKnownFileType = file.storyboard; name = Base; path = Base.lproj/Main.storyboard; sourceTree = "<group>"; };
		6F9A1E772076175A00DD210B /* Assets.xcassets */ = {isa = PBXFileReference; lastKnownFileType = folder.assetcatalog; path = Assets.xcassets; sourceTree = "<group>"; };
		6F9A1E7A2076175A00DD210B /* Base */ = {isa = PBXFileReference; lastKnownFileType = file.storyboard; name = Base; path = Base.lproj/LaunchScreen.storyboard; sourceTree = "<group>"; };
		6F9A1E7C2076175A00DD210B /* Info.plist */ = {isa = PBXFileReference; lastKnownFileType = text.plist.xml; path = Info.plist; sourceTree = "<group>"; };
		6F9A1E842076180600DD210B /* UIView + Extension.swift */ = {isa = PBXFileReference; lastKnownFileType = sourcecode.swift; path = "UIView + Extension.swift"; sourceTree = "<group>"; };
/* End PBXFileReference section */

/* Begin PBXFrameworksBuildPhase section */
		6F9A1E6A2076175A00DD210B /* Frameworks */ = {
			isa = PBXFrameworksBuildPhase;
			buildActionMask = 2147483647;
			files = (
			);
			runOnlyForDeploymentPostprocessing = 0;
		};
/* End PBXFrameworksBuildPhase section */

/* Begin PBXGroup section */
		6F9A1E642076175A00DD210B = {
			isa = PBXGroup;
			children = (
				6F9A1E6F2076175A00DD210B /* AddShoppingCartTransitionAnimation */,
				6F9A1E6E2076175A00DD210B /* Products */,
			);
			sourceTree = "<group>";
		};
		6F9A1E6E2076175A00DD210B /* Products */ = {
			isa = PBXGroup;
			children = (
				6F9A1E6D2076175A00DD210B /* AddShoppingCartTransitionAnimation.app */,
			);
			name = Products;
			sourceTree = "<group>";
		};
		6F9A1E6F2076175A00DD210B /* AddShoppingCartTransitionAnimation */ = {
			isa = PBXGroup;
			children = (
				6F9A1E702076175A00DD210B /* AppDelegate.swift */,
				6F9A1E722076175A00DD210B /* ViewController.swift */,
				6F9A1E842076180600DD210B /* UIView + Extension.swift */,
				6F9A1E742076175A00DD210B /* Main.storyboard */,
				6F9A1E772076175A00DD210B /* Assets.xcassets */,
				6F9A1E792076175A00DD210B /* LaunchScreen.storyboard */,
				6F9A1E7C2076175A00DD210B /* Info.plist */,
			);
			path = AddShoppingCartTransitionAnimation;
			sourceTree = "<group>";
		};
/* End PBXGroup section */

/* Begin PBXNativeTarget section */
		6F9A1E6C2076175A00DD210B /* AddShoppingCartTransitionAnimation */ = {
			isa = PBXNativeTarget;
			buildConfigurationList = 6F9A1E7F2076175A00DD210B /* Build configuration list for PBXNativeTarget "AddShoppingCartTransitionAnimation" */;
			buildPhases = (
				6F9A1E692076175A00DD210B /* Sources */,
				6F9A1E6A2076175A00DD210B /* Frameworks */,
				6F9A1E6B2076175A00DD210B /* Resources */,
			);
			buildRules = (
			);
			dependencies = (
			);
			name = AddShoppingCartTransitionAnimation;
			productName = AddShoppingCartTransitionAnimation;
			productReference = 6F9A1E6D2076175A00DD210B /* AddShoppingCartTransitionAnimation.app */;
			productType = "com.apple.product-type.application";
		};
/* End PBXNativeTarget section */

/* Begin PBXProject section */
		6F9A1E652076175A00DD210B /* Project object */ = {
			isa = PBXProject;
			attributes = {
				LastSwiftUpdateCheck = 0930;
				LastUpgradeCheck = 0930;
				ORGANIZATIONNAME = moonCai;
				TargetAttributes = {
					6F9A1E6C2076175A00DD210B = {
						CreatedOnToolsVersion = 9.3;
					};
				};
			};
			buildConfigurationList = 6F9A1E682076175A00DD210B /* Build configuration list for PBXProject "AddShoppingCartTransitionAnimation" */;
			compatibilityVersion = "Xcode 9.3";
			developmentRegion = en;
			hasScannedForEncodings = 0;
			knownRegions = (
				en,
				Base,
			);
			mainGroup = 6F9A1E642076175A00DD210B;
			productRefGroup = 6F9A1E6E2076175A00DD210B /* Products */;
			projectDirPath = "";
			projectRoot = "";
			targets = (
				6F9A1E6C2076175A00DD210B /* AddShoppingCartTransitionAnimation */,
			);
		};
/* End PBXProject section */

/* Begin PBXResourcesBuildPhase section */
		6F9A1E6B2076175A00DD210B /* Resources */ = {
			isa = PBXResourcesBuildPhase;
			buildActionMask = 2147483647;
			files = (
				6F9A1E7B2076175A00DD210B /* LaunchScreen.storyboard in Resources */,
				6F9A1E782076175A00DD210B /* Assets.xcassets in Resources */,
				6F9A1E762076175A00DD210B /* Main.storyboard in Resources */,
			);
			runOnlyForDeploymentPostprocessing = 0;
		};
/* End PBXResourcesBuildPhase section */

/* Begin PBXSourcesBuildPhase section */
		6F9A1E692076175A00DD210B /* Sources */ = {
			isa = PBXSourcesBuildPhase;
			buildActionMask = 2147483647;
			files = (
				6F9A1E732076175A00DD210B /* ViewController.swift in Sources */,
				6F9A1E712076175A00DD210B /* AppDelegate.swift in Sources */,
				6F9A1E852076180600DD210B /* UIView + Extension.swift in Sources */,
			);
			runOnlyForDeploymentPostprocessing = 0;
		};
/* End PBXSourcesBuildPhase section */

/* Begin PBXVariantGroup section */
		6F9A1E742076175A00DD210B /* Main.storyboard */ = {
			isa = PBXVariantGroup;
			children = (
				6F9A1E752076175A00DD210B /* Base */,
			);
			name = Main.storyboard;
			sourceTree = "<group>";
		};
		6F9A1E792076175A00DD210B /* LaunchScreen.storyboard */ = {
			isa = PBXVariantGroup;
			children = (
				6F9A1E7A2076175A00DD210B /* Base */,
			);
			name = LaunchScreen.storyboard;
			sourceTree = "<group>";
		};
/* End PBXVariantGroup section */

/* Begin XCBuildConfiguration section */
		6F9A1E7D2076175A00DD210B /* Debug */ = {
			isa = XCBuildConfiguration;
			buildSettings = {
				ALWAYS_SEARCH_USER_PATHS = NO;
				CLANG_ANALYZER_NONNULL = YES;
				CLANG_ANALYZER_NUMBER_OBJECT_CONVERSION = YES_AGGRESSIVE;
				CLANG_CXX_LANGUAGE_STANDARD = "gnu++14";
				CLANG_CXX_LIBRARY = "libc++";
				CLANG_ENABLE_MODULES = YES;
				CLANG_ENABLE_OBJC_ARC = YES;
				CLANG_ENABLE_OBJC_WEAK = YES;
				CLANG_WARN_BLOCK_CAPTURE_AUTORELEASING = YES;
				CLANG_WARN_BOOL_CONVERSION = YES;
				CLANG_WARN_COMMA = YES;
				CLANG_WARN_CONSTANT_CONVERSION = YES;
				CLANG_WARN_DEPRECATED_OBJC_IMPLEMENTATIONS = YES;
				CLANG_WARN_DIRECT_OBJC_ISA_USAGE = YES_ERROR;
				CLANG_WARN_DOCUMENTATION_COMMENTS = YES;
				CLANG_WARN_EMPTY_BODY = YES;
				CLANG_WARN_ENUM_CONVERSION = YES;
				CLANG_WARN_INFINITE_RECURSION = YES;
				CLANG_WARN_INT_CONVERSION = YES;
				CLANG_WARN_NON_LITERAL_NULL_CONVERSION = YES;
				CLANG_WARN_OBJC_IMPLICIT_RETAIN_SELF = YES;
				CLANG_WARN_OBJC_LITERAL_CONVERSION = YES;
				CLANG_WARN_OBJC_ROOT_CLASS = YES_ERROR;
				CLANG_WARN_RANGE_LOOP_ANALYSIS = YES;
				CLANG_WARN_STRICT_PROTOTYPES = YES;
				CLANG_WARN_SUSPICIOUS_MOVE = YES;
				CLANG_WARN_UNGUARDED_AVAILABILITY = YES_AGGRESSIVE;
				CLANG_WARN_UNREACHABLE_CODE = YES;
				CLANG_WARN__DUPLICATE_METHOD_MATCH = YES;
				CODE_SIGN_IDENTITY = "iPhone Developer";
				COPY_PHASE_STRIP = NO;
				DEBUG_INFORMATION_FORMAT = dwarf;
				ENABLE_STRICT_OBJC_MSGSEND = YES;
				ENABLE_TESTABILITY = YES;
				GCC_C_LANGUAGE_STANDARD = gnu11;
				GCC_DYNAMIC_NO_PIC = NO;
				GCC_NO_COMMON_BLOCKS = YES;
				GCC_OPTIMIZATION_LEVEL = 0;
				GCC_PREPROCESSOR_DEFINITIONS = (
					"DEBUG=1",
					"$(inherited)",
				);
				GCC_WARN_64_TO_32_BIT_CONVERSION = YES;
				GCC_WARN_ABOUT_RETURN_TYPE = YES_ERROR;
				GCC_WARN_UNDECLARED_SELECTOR = YES;
				GCC_WARN_UNINITIALIZED_AUTOS = YES_AGGRESSIVE;
				GCC_WARN_UNUSED_FUNCTION = YES;
				GCC_WARN_UNUSED_VARIABLE = YES;
				IPHONEOS_DEPLOYMENT_TARGET = 11.3;
				MTL_ENABLE_DEBUG_INFO = YES;
				ONLY_ACTIVE_ARCH = YES;
				SDKROOT = iphoneos;
				SWIFT_ACTIVE_COMPILATION_CONDITIONS = DEBUG;
				SWIFT_OPTIMIZATION_LEVEL = "-Onone";
			};
			name = Debug;
		};
		6F9A1E7E2076175A00DD210B /* Release */ = {
			isa = XCBuildConfiguration;
			buildSettings = {
				ALWAYS_SEARCH_USER_PATHS = NO;
				CLANG_ANALYZER_NONNULL = YES;
				CLANG_ANALYZER_NUMBER_OBJECT_CONVERSION = YES_AGGRESSIVE;
				CLANG_CXX_LANGUAGE_STANDARD = "gnu++14";
				CLANG_CXX_LIBRARY = "libc++";
				CLANG_ENABLE_MODULES = YES;
				CLANG_ENABLE_OBJC_ARC = YES;
				CLANG_ENABLE_OBJC_WEAK = YES;
				CLANG_WARN_BLOCK_CAPTURE_AUTORELEASING = YES;
				CLANG_WARN_BOOL_CONVERSION = YES;
				CLANG_WARN_COMMA = YES;
				CLANG_WARN_CONSTANT_CONVERSION = YES;
				CLANG_WARN_DEPRECATED_OBJC_IMPLEMENTATIONS = YES;
				CLANG_WARN_DIRECT_OBJC_ISA_USAGE = YES_ERROR;
				CLANG_WARN_DOCUMENTATION_COMMENTS = YES;
				CLANG_WARN_EMPTY_BODY = YES;
				CLANG_WARN_ENUM_CONVERSION = YES;
				CLANG_WARN_INFINITE_RECURSION = YES;
				CLANG_WARN_INT_CONVERSION = YES;
				CLANG_WARN_NON_LITERAL_NULL_CONVERSION = YES;
				CLANG_WARN_OBJC_IMPLICIT_RETAIN_SELF = YES;
				CLANG_WARN_OBJC_LITERAL_CONVERSION = YES;
				CLANG_WARN_OBJC_ROOT_CLASS = YES_ERROR;
				CLANG_WARN_RANGE_LOOP_ANALYSIS = YES;
				CLANG_WARN_STRICT_PROTOTYPES = YES;
				CLANG_WARN_SUSPICIOUS_MOVE = YES;
				CLANG_WARN_UNGUARDED_AVAILABILITY = YES_AGGRESSIVE;
				CLANG_WARN_UNREACHABLE_CODE = YES;
				CLANG_WARN__DUPLICATE_METHOD_MATCH = YES;
				CODE_SIGN_IDENTITY = "iPhone Developer";
				COPY_PHASE_STRIP = NO;
				DEBUG_INFORMATION_FORMAT = "dwarf-with-dsym";
				ENABLE_NS_ASSERTIONS = NO;
				ENABLE_STRICT_OBJC_MSGSEND = YES;
				GCC_C_LANGUAGE_STANDARD = gnu11;
				GCC_NO_COMMON_BLOCKS = YES;
				GCC_WARN_64_TO_32_BIT_CONVERSION = YES;
				GCC_WARN_ABOUT_RETURN_TYPE = YES_ERROR;
				GCC_WARN_UNDECLARED_SELECTOR = YES;
				GCC_WARN_UNINITIALIZED_AUTOS = YES_AGGRESSIVE;
				GCC_WARN_UNUSED_FUNCTION = YES;
				GCC_WARN_UNUSED_VARIABLE = YES;
				IPHONEOS_DEPLOYMENT_TARGET = 11.3;
				MTL_ENABLE_DEBUG_INFO = NO;
				SDKROOT = iphoneos;
				SWIFT_COMPILATION_MODE = wholemodule;
				SWIFT_OPTIMIZATION_LEVEL = "-O";
				VALIDATE_PRODUCT = YES;
			};
			name = Release;
		};
		6F9A1E802076175A00DD210B /* Debug */ = {
			isa = XCBuildConfiguration;
			buildSettings = {
				ASSETCATALOG_COMPILER_APPICON_NAME = AppIcon;
				CODE_SIGN_STYLE = Automatic;
				DEVELOPMENT_TEAM = PW4YTWF933;
				INFOPLIST_FILE = AddShoppingCartTransitionAnimation/Info.plist;
				IPHONEOS_DEPLOYMENT_TARGET = 9.0;
				LD_RUNPATH_SEARCH_PATHS = (
					"$(inherited)",
					"@executable_path/Frameworks",
				);
				PRODUCT_BUNDLE_IDENTIFIER = moon.AddShoppingCartTransitionAnimation;
				PRODUCT_NAME = "$(TARGET_NAME)";
				SWIFT_VERSION = 4.0;
				TARGETED_DEVICE_FAMILY = "1,2";
			};
			name = Debug;
		};
		6F9A1E812076175A00DD210B /* Release */ = {
			isa = XCBuildConfiguration;
			buildSettings = {
				ASSETCATALOG_COMPILER_APPICON_NAME = AppIcon;
				CODE_SIGN_STYLE = Automatic;
				DEVELOPMENT_TEAM = PW4YTWF933;
				INFOPLIST_FILE = AddShoppingCartTransitionAnimation/Info.plist;
				IPHONEOS_DEPLOYMENT_TARGET = 9.0;
				LD_RUNPATH_SEARCH_PATHS = (
					"$(inherited)",
					"@executable_path/Frameworks",
				);
				PRODUCT_BUNDLE_IDENTIFIER = moon.AddShoppingCartTransitionAnimation;
				PRODUCT_NAME = "$(TARGET_NAME)";
				SWIFT_VERSION = 4.0;
				TARGETED_DEVICE_FAMILY = "1,2";
			};
			name = Release;
		};
/* End XCBuildConfiguration section */

/* Begin XCConfigurationList section */
		6F9A1E682076175A00DD210B /* Build configuration list for PBXProject "AddShoppingCartTransitionAnimation" */ = {
			isa = XCConfigurationList;
			buildConfigurations = (
				6F9A1E7D2076175A00DD210B /* Debug */,
				6F9A1E7E2076175A00DD210B /* Release */,
			);
			defaultConfigurationIsVisible = 0;
			defaultConfigurationName = Release;
		};
		6F9A1E7F2076175A00DD210B /* Build configuration list for PBXNativeTarget "AddShoppingCartTransitionAnimation" */ = {
			isa = XCConfigurationList;
			buildConfigurations = (
				6F9A1E802076175A00DD210B /* Debug */,
				6F9A1E812076175A00DD210B /* Release */,
			);
			defaultConfigurationIsVisible = 0;
			defaultConfigurationName = Release;
		};
/* End XCConfigurationList section */
	};
	rootObject = 6F9A1E652076175A00DD210B /* Project object */;
}
